
Microsoft Visual Studio Solution File, Format Version 12.00
# Visual Studio 14
VisualStudioVersion = 14.0.25123.0
MinimumVisualStudioVersion = 10.0.40219.1
Project("{FAE04EC0-301F-11D3-BF4B-00C04F79EFBC}") = "GreenFinchRailway", "GreenFinchRailway\GreenFinchRailway.csproj", "{3EA69BA0-3991-44A7-B753-5C477D48F826}"
EndProject
Project("{FAE04EC0-301F-11D3-BF4B-00C04F79EFBC}") = "GreenFinchRailway.Tests", "GreenFinchRailway.Tests\GreenFinchRailway.Tests.csproj", "{60E9A376-CF08-4A62-99C0-AF1A57C6609D}"
EndProject
Global
	GlobalSection(SolutionConfigurationPlatforms) = preSolution
		Debug|Any CPU = Debug|Any CPU
		Release|Any CPU = Release|Any CPU
	EndGlobalSection
	GlobalSection(ProjectConfigurationPlatforms) = postSolution
		{3EA69BA0-3991-44A7-B753-5C477D48F826}.Debug|Any CPU.ActiveCfg = Debug|Any CPU
		{3EA69BA0-3991-44A7-B753-5C477D48F826}.Debug|Any CPU.Build.0 = Debug|Any CPU
		{3EA69BA0-3991-44A7-B753-5C477D48F826}.Release|Any CPU.ActiveCfg = Release|Any CPU
		{3EA69BA0-3991-44A7-B753-5C477D48F826}.Release|Any CPU.Build.0 = Release|Any CPU
		{60E9A376-CF08-4A62-99C0-AF1A57C6609D}.Debug|Any CPU.ActiveCfg = Debug|Any CPU
		{60E9A376-CF08-4A62-99C0-AF1A57C6609D}.Debug|Any CPU.Build.0 = Debug|Any CPU
		{60E9A376-CF08-4A62-99C0-AF1A57C6609D}.Release|Any CPU.ActiveCfg = Release|Any CPU
		{60E9A376-CF08-4A62-99C0-AF1A57C6609D}.Release|Any CPU.Build.0 = Release|Any CPU
	EndGlobalSection
	GlobalSection(SolutionProperties) = preSolution
		HideSolutionNode = FALSE
	EndGlobalSection
EndGlobal
